{
  "name": "math-blocker-chrome-extension",
  "version": "0.1.0",
  "lockfileVersion": 1,
  "requires": true,
  "dependencies": {
    "js-joda": {
      "version": "1.10.1",
      "resolved": "https://registry.npmjs.org/js-joda/-/js-joda-1.10.1.tgz",
      "integrity": "sha512-lDBKliZf2oLX4h1EjzkhBulpQRv51A9x2nhX1XnP1PD0LU7a30I7CKtAWZ//5c+Z6aWG8TO996vVr+4owE9vWA=="
    },
    "nouislider": {
      "version": "13.1.4",
      "resolved": "https://registry.npmjs.org/nouislider/-/nouislider-13.1.4.tgz",
      "integrity": "sha512-XcGdAkjDNjaciL4rBdf6/0Yfj7cVCPD9lUjFfOJnUdku4XaJUFa3Im3w8NnCuJFZ3NraRATREjpqDfbQIRRU0w=="
    }
  }
}
